// !$*UTF8*$!
{
	archiveVersion = 1;
	classes = {
	};
	objectVersion = 50;
	objects = {

/* Begin PBXBuildFile section */
		C0544710226C09F700E149AA /* AppDelegate.swift in Sources */ = {isa = PBXBuildFile; fileRef = C054470F226C09F700E149AA /* AppDelegate.swift */; };
		C0544717226C09F900E149AA /* Assets.xcassets in Resources */ = {isa = PBXBuildFile; fileRef = C0544716226C09F900E149AA /* Assets.xcassets */; };
		C054471A226C09F900E149AA /* LaunchScreen.storyboard in Resources */ = {isa = PBXBuildFile; fileRef = C0544718226C09F900E149AA /* LaunchScreen.storyboard */; };
		C054472E226C0A5500E149AA /* Extension.swift in Sources */ = {isa = PBXBuildFile; fileRef = C0544722226C0A5500E149AA /* Extension.swift */; };
		C054472F226C0A5500E149AA /* ImageProcessor.swift in Sources */ = {isa = PBXBuildFile; fileRef = C0544723226C0A5500E149AA /* ImageProcessor.swift */; };
		C0544730226C0A5500E149AA /* enum.swift in Sources */ = {isa = PBXBuildFile; fileRef = C0544724226C0A5500E149AA /* enum.swift */; };
		C0544731226C0A5500E149AA /* ActivationFunction.swift in Sources */ = {isa = PBXBuildFile; fileRef = C0544726226C0A5500E149AA /* ActivationFunction.swift */; };
		C0544732226C0A5500E149AA /* NeuralNetwork.swift in Sources */ = {isa = PBXBuildFile; fileRef = C0544728226C0A5500E149AA /* NeuralNetwork.swift */; };
		C0544733226C0A5500E149AA /* Layer.swift in Sources */ = {isa = PBXBuildFile; fileRef = C0544729226C0A5500E149AA /* Layer.swift */; };
		C0544734226C0A5500E149AA /* DrawView.swift in Sources */ = {isa = PBXBuildFile; fileRef = C054472B226C0A5500E149AA /* DrawView.swift */; };
		C0544735226C0A5500E149AA /* NNEmoji.swift in Sources */ = {isa = PBXBuildFile; fileRef = C054472D226C0A5500E149AA /* NNEmoji.swift */; };
		C0544738226C0A6000E149AA /* NeuralNetworkViewController.swift in Sources */ = {isa = PBXBuildFile; fileRef = C0544737226C0A6000E149AA /* NeuralNetworkViewController.swift */; };
		C054473A226C0A9E00E149AA /* Main.storyboard in Resources */ = {isa = PBXBuildFile; fileRef = C0544739226C0A9E00E149AA /* Main.storyboard */; };
		C0544741226C0DBD00E149AA /* stroke.png in Resources */ = {isa = PBXBuildFile; fileRef = C054473C226C0DBC00E149AA /* stroke.png */; };
		C0544742226C0DBD00E149AA /* stroke@2x.png in Resources */ = {isa = PBXBuildFile; fileRef = C054473D226C0DBC00E149AA /* stroke@2x.png */; };
		C0544743226C0DBD00E149AA /* correct.wav in Resources */ = {isa = PBXBuildFile; fileRef = C054473E226C0DBC00E149AA /* correct.wav */; };
		C0544744226C0DBD00E149AA /* wrong.wav in Resources */ = {isa = PBXBuildFile; fileRef = C054473F226C0DBC00E149AA /* wrong.wav */; };
		C0544745226C0DBD00E149AA /* stroke@3x.png in Resources */ = {isa = PBXBuildFile; fileRef = C0544740226C0DBC00E149AA /* stroke@3x.png */; };
/* End PBXBuildFile section */

/* Begin PBXFileReference section */
		C054470C226C09F700E149AA /* EmojiInteligence.app */ = {isa = PBXFileReference; explicitFileType = wrapper.application; includeInIndex = 0; path = EmojiInteligence.app; sourceTree = BUILT_PRODUCTS_DIR; };
		C054470F226C09F700E149AA /* AppDelegate.swift */ = {isa = PBXFileReference; lastKnownFileType = sourcecode.swift; path = AppDelegate.swift; sourceTree = "<group>"; };
		C0544716226C09F900E149AA /* Assets.xcassets */ = {isa = PBXFileReference; lastKnownFileType = folder.assetcatalog; path = Assets.xcassets; sourceTree = "<group>"; };
		C0544719226C09F900E149AA /* Base */ = {isa = PBXFileReference; lastKnownFileType = file.storyboard; name = Base; path = Base.lproj/LaunchScreen.storyboard; sourceTree = "<group>"; };
		C054471B226C09F900E149AA /* Info.plist */ = {isa = PBXFileReference; lastKnownFileType = text.plist.xml; path = Info.plist; sourceTree = "<group>"; };
		C0544722226C0A5500E149AA /* Extension.swift */ = {isa = PBXFileReference; fileEncoding = 4; lastKnownFileType = sourcecode.swift; path = Extension.swift; sourceTree = "<group>"; };
		C0544723226C0A5500E149AA /* ImageProcessor.swift */ = {isa = PBXFileReference; fileEncoding = 4; lastKnownFileType = sourcecode.swift; path = ImageProcessor.swift; sourceTree = "<group>"; };
		C0544724226C0A5500E149AA /* enum.swift */ = {isa = PBXFileReference; fileEncoding = 4; lastKnownFileType = sourcecode.swift; path = enum.swift; sourceTree = "<group>"; };
		C0544726226C0A5500E149AA /* ActivationFunction.swift */ = {isa = PBXFileReference; fileEncoding = 4; lastKnownFileType = sourcecode.swift; path = ActivationFunction.swift; sourceTree = "<group>"; };
		C0544728226C0A5500E149AA /* NeuralNetwork.swift */ = {isa = PBXFileReference; fileEncoding = 4; lastKnownFileType = sourcecode.swift; path = NeuralNetwork.swift; sourceTree = "<group>"; };
		C0544729226C0A5500E149AA /* Layer.swift */ = {isa = PBXFileReference; fileEncoding = 4; lastKnownFileType = sourcecode.swift; path = Layer.swift; sourceTree = "<group>"; };
		C054472B226C0A5500E149AA /* DrawView.swift */ = {isa = PBXFileReference; fileEncoding = 4; lastKnownFileType = sourcecode.swift; path = DrawView.swift; sourceTree = "<group>"; };
		C054472D226C0A5500E149AA /* NNEmoji.swift */ = {isa = PBXFileReference; fileEncoding = 4; lastKnownFileType = sourcecode.swift; path = NNEmoji.swift; sourceTree = "<group>"; };
		C0544737226C0A6000E149AA /* NeuralNetworkViewController.swift */ = {isa = PBXFileReference; fileEncoding = 4; lastKnownFileType = sourcecode.swift; path = NeuralNetworkViewController.swift; sourceTree = "<group>"; };
		C0544739226C0A9E00E149AA /* Main.storyboard */ = {isa = PBXFileReference; fileEncoding = 4; lastKnownFileType = file.storyboard; path = Main.storyboard; sourceTree = "<group>"; };
		C054473C226C0DBC00E149AA /* stroke.png */ = {isa = PBXFileReference; lastKnownFileType = image.png; path = stroke.png; sourceTree = "<group>"; };
		C054473D226C0DBC00E149AA /* stroke@2x.png */ = {isa = PBXFileReference; lastKnownFileType = image.png; path = "stroke@2x.png"; sourceTree = "<group>"; };
		C054473E226C0DBC00E149AA /* correct.wav */ = {isa = PBXFileReference; lastKnownFileType = audio.wav; path = correct.wav; sourceTree = "<group>"; };
		C054473F226C0DBC00E149AA /* wrong.wav */ = {isa = PBXFileReference; lastKnownFileType = audio.wav; path = wrong.wav; sourceTree = "<group>"; };
		C0544740226C0DBC00E149AA /* stroke@3x.png */ = {isa = PBXFileReference; lastKnownFileType = image.png; path = "stroke@3x.png"; sourceTree = "<group>"; };
/* End PBXFileReference section */

/* Begin PBXFrameworksBuildPhase section */
		C0544709226C09F700E149AA /* Frameworks */ = {
			isa = PBXFrameworksBuildPhase;
			buildActionMask = 2147483647;
			files = (
			);
			runOnlyForDeploymentPostprocessing = 0;
		};
/* End PBXFrameworksBuildPhase section */

/* Begin PBXGroup section */
		C0544703226C09F700E149AA = {
			isa = PBXGroup;
			children = (
				C054470E226C09F700E149AA /* EmojiInteligence */,
				C054470D226C09F700E149AA /* Products */,
			);
			sourceTree = "<group>";
		};
		C054470D226C09F700E149AA /* Products */ = {
			isa = PBXGroup;
			children = (
				C054470C226C09F700E149AA /* EmojiInteligence.app */,
			);
			name = Products;
			sourceTree = "<group>";
		};
		C054470E226C09F700E149AA /* EmojiInteligence */ = {
			isa = PBXGroup;
			children = (
				C054473B226C0DBC00E149AA /* Resources */,
				C0544736226C0A6000E149AA /* ViewController */,
				C0544721226C0A5500E149AA /* Helper */,
				C0544725226C0A5500E149AA /* Math */,
				C054472C226C0A5500E149AA /* Model */,
				C0544727226C0A5500E149AA /* Neural Network */,
				C054472A226C0A5500E149AA /* View */,
				C054470F226C09F700E149AA /* AppDelegate.swift */,
				C0544739226C0A9E00E149AA /* Main.storyboard */,
				C0544716226C09F900E149AA /* Assets.xcassets */,
				C0544718226C09F900E149AA /* LaunchScreen.storyboard */,
				C054471B226C09F900E149AA /* Info.plist */,
			);
			path = EmojiInteligence;
			sourceTree = "<group>";
		};
		C0544721226C0A5500E149AA /* Helper */ = {
			isa = PBXGroup;
			children = (
				C0544722226C0A5500E149AA /* Extension.swift */,
				C0544723226C0A5500E149AA /* ImageProcessor.swift */,
				C0544724226C0A5500E149AA /* enum.swift */,
			);
			path = Helper;
			sourceTree = "<group>";
		};
		C0544725226C0A5500E149AA /* Math */ = {
			isa = PBXGroup;
			children = (
				C0544726226C0A5500E149AA /* ActivationFunction.swift */,
			);
			path = Math;
			sourceTree = "<group>";
		};
		C0544727226C0A5500E149AA /* Neural Network */ = {
			isa = PBXGroup;
			children = (
				C0544728226C0A5500E149AA /* NeuralNetwork.swift */,
				C0544729226C0A5500E149AA /* Layer.swift */,
			);
			path = "Neural Network";
			sourceTree = "<group>";
		};
		C054472A226C0A5500E149AA /* View */ = {
			isa = PBXGroup;
			children = (
				C054472B226C0A5500E149AA /* DrawView.swift */,
			);
			path = View;
			sourceTree = "<group>";
		};
		C054472C226C0A5500E149AA /* Model */ = {
			isa = PBXGroup;
			children = (
				C054472D226C0A5500E149AA /* NNEmoji.swift */,
			);
			path = Model;
			sourceTree = "<group>";
		};
		C0544736226C0A6000E149AA /* ViewController */ = {
			isa = PBXGroup;
			children = (
				C0544737226C0A6000E149AA /* NeuralNetworkViewController.swift */,
			);
			path = ViewController;
			sourceTree = "<group>";
		};
		C054473B226C0DBC00E149AA /* Resources */ = {
			isa = PBXGroup;
			children = (
				C054473C226C0DBC00E149AA /* stroke.png */,
				C054473D226C0DBC00E149AA /* stroke@2x.png */,
				C054473E226C0DBC00E149AA /* correct.wav */,
				C054473F226C0DBC00E149AA /* wrong.wav */,
				C0544740226C0DBC00E149AA /* stroke@3x.png */,
			);
			path = Resources;
			sourceTree = "<group>";
		};
/* End PBXGroup section */

/* Begin PBXNativeTarget section */
		C054470B226C09F700E149AA /* EmojiInteligence */ = {
			isa = PBXNativeTarget;
			buildConfigurationList = C054471E226C09F900E149AA /* Build configuration list for PBXNativeTarget "EmojiInteligence" */;
			buildPhases = (
				C0544708226C09F700E149AA /* Sources */,
				C0544709226C09F700E149AA /* Frameworks */,
				C054470A226C09F700E149AA /* Resources */,
			);
			buildRules = (
			);
			dependencies = (
			);
			name = EmojiInteligence;
			productName = EmojiInteligence;
			productReference = C054470C226C09F700E149AA /* EmojiInteligence.app */;
			productType = "com.apple.product-type.application";
		};
/* End PBXNativeTarget section */

/* Begin PBXProject section */
		C0544704226C09F700E149AA /* Project object */ = {
			isa = PBXProject;
			attributes = {
				LastSwiftUpdateCheck = 1020;
				LastUpgradeCheck = 1020;
				ORGANIZATIONNAME = Gelei;
				TargetAttributes = {
					C054470B226C09F700E149AA = {
						CreatedOnToolsVersion = 10.2.1;
					};
				};
			};
			buildConfigurationList = C0544707226C09F700E149AA /* Build configuration list for PBXProject "EmojiInteligence" */;
			compatibilityVersion = "Xcode 9.3";
			developmentRegion = en;
			hasScannedForEncodings = 0;
			knownRegions = (
				en,
				Base,
			);
			mainGroup = C0544703226C09F700E149AA;
			productRefGroup = C054470D226C09F700E149AA /* Products */;
			projectDirPath = "";
			projectRoot = "";
			targets = (
				C054470B226C09F700E149AA /* EmojiInteligence */,
			);
		};
/* End PBXProject section */

/* Begin PBXResourcesBuildPhase section */
		C054470A226C09F700E149AA /* Resources */ = {
			isa = PBXResourcesBuildPhase;
			buildActionMask = 2147483647;
			files = (
				C054473A226C0A9E00E149AA /* Main.storyboard in Resources */,
				C0544741226C0DBD00E149AA /* stroke.png in Resources */,
				C0544742226C0DBD00E149AA /* stroke@2x.png in Resources */,
				C0544745226C0DBD00E149AA /* stroke@3x.png in Resources */,
				C0544744226C0DBD00E149AA /* wrong.wav in Resources */,
				C054471A226C09F900E149AA /* LaunchScreen.storyboard in Resources */,
				C0544717226C09F900E149AA /* Assets.xcassets in Resources */,
				C0544743226C0DBD00E149AA /* correct.wav in Resources */,
			);
			runOnlyForDeploymentPostprocessing = 0;
		};
/* End PBXResourcesBuildPhase section */

/* Begin PBXSourcesBuildPhase section */
		C0544708226C09F700E149AA /* Sources */ = {
			isa = PBXSourcesBuildPhase;
			buildActionMask = 2147483647;
			files = (
				C0544730226C0A5500E149AA /* enum.swift in Sources */,
				C0544731226C0A5500E149AA /* ActivationFunction.swift in Sources */,
				C054472E226C0A5500E149AA /* Extension.swift in Sources */,
				C0544733226C0A5500E149AA /* Layer.swift in Sources */,
				C0544735226C0A5500E149AA /* NNEmoji.swift in Sources */,
				C0544734226C0A5500E149AA /* DrawView.swift in Sources */,
				C0544738226C0A6000E149AA /* NeuralNetworkViewController.swift in Sources */,
				C054472F226C0A5500E149AA /* ImageProcessor.swift in Sources */,
				C0544710226C09F700E149AA /* AppDelegate.swift in Sources */,
				C0544732226C0A5500E149AA /* NeuralNetwork.swift in Sources */,
			);
			runOnlyForDeploymentPostprocessing = 0;
		};
/* End PBXSourcesBuildPhase section */

/* Begin PBXVariantGroup section */
		C0544718226C09F900E149AA /* LaunchScreen.storyboard */ = {
			isa = PBXVariantGroup;
			children = (
				C0544719226C09F900E149AA /* Base */,
			);
			name = LaunchScreen.storyboard;
			sourceTree = "<group>";
		};
/* End PBXVariantGroup section */

/* Begin XCBuildConfiguration section */
		C054471C226C09F900E149AA /* Debug */ = {
			isa = XCBuildConfiguration;
			buildSettings = {
				ALWAYS_SEARCH_USER_PATHS = NO;
				CLANG_ANALYZER_NONNULL = YES;
				CLANG_ANALYZER_NUMBER_OBJECT_CONVERSION = YES_AGGRESSIVE;
				CLANG_CXX_LANGUAGE_STANDARD = "gnu++14";
				CLANG_CXX_LIBRARY = "libc++";
				CLANG_ENABLE_MODULES = YES;
				CLANG_ENABLE_OBJC_ARC = YES;
				CLANG_ENABLE_OBJC_WEAK = YES;
				CLANG_WARN_BLOCK_CAPTURE_AUTORELEASING = YES;
				CLANG_WARN_BOOL_CONVERSION = YES;
				CLANG_WARN_COMMA = YES;
				CLANG_WARN_CONSTANT_CONVERSION = YES;
				CLANG_WARN_DEPRECATED_OBJC_IMPLEMENTATIONS = YES;
				CLANG_WARN_DIRECT_OBJC_ISA_USAGE = YES_ERROR;
				CLANG_WARN_DOCUMENTATION_COMMENTS = YES;
				CLANG_WARN_EMPTY_BODY = YES;
				CLANG_WARN_ENUM_CONVERSION = YES;
				CLANG_WARN_INFINITE_RECURSION = YES;
				CLANG_WARN_INT_CONVERSION = YES;
				CLANG_WARN_NON_LITERAL_NULL_CONVERSION = YES;
				CLANG_WARN_OBJC_IMPLICIT_RETAIN_SELF = YES;
				CLANG_WARN_OBJC_LITERAL_CONVERSION = YES;
				CLANG_WARN_OBJC_ROOT_CLASS = YES_ERROR;
				CLANG_WARN_RANGE_LOOP_ANALYSIS = YES;
				CLANG_WARN_STRICT_PROTOTYPES = YES;
				CLANG_WARN_SUSPICIOUS_MOVE = YES;
				CLANG_WARN_UNGUARDED_AVAILABILITY = YES_AGGRESSIVE;
				CLANG_WARN_UNREACHABLE_CODE = YES;
				CLANG_WARN__DUPLICATE_METHOD_MATCH = YES;
				CODE_SIGN_IDENTITY = "iPhone Developer";
				COPY_PHASE_STRIP = NO;
				DEBUG_INFORMATION_FORMAT = dwarf;
				ENABLE_STRICT_OBJC_MSGSEND = YES;
				ENABLE_TESTABILITY = YES;
				GCC_C_LANGUAGE_STANDARD = gnu11;
				GCC_DYNAMIC_NO_PIC = NO;
				GCC_NO_COMMON_BLOCKS = YES;
				GCC_OPTIMIZATION_LEVEL = 0;
				GCC_PREPROCESSOR_DEFINITIONS = (
					"DEBUG=1",
					"$(inherited)",
				);
				GCC_WARN_64_TO_32_BIT_CONVERSION = YES;
				GCC_WARN_ABOUT_RETURN_TYPE = YES_ERROR;
				GCC_WARN_UNDECLARED_SELECTOR = YES;
				GCC_WARN_UNINITIALIZED_AUTOS = YES_AGGRESSIVE;
				GCC_WARN_UNUSED_FUNCTION = YES;
				GCC_WARN_UNUSED_VARIABLE = YES;
				IPHONEOS_DEPLOYMENT_TARGET = 12.2;
				MTL_ENABLE_DEBUG_INFO = INCLUDE_SOURCE;
				MTL_FAST_MATH = YES;
				ONLY_ACTIVE_ARCH = YES;
				SDKROOT = iphoneos;
				SWIFT_ACTIVE_COMPILATION_CONDITIONS = DEBUG;
				SWIFT_OPTIMIZATION_LEVEL = "-Onone";
			};
			name = Debug;
		};
		C054471D226C09F900E149AA /* Release */ = {
			isa = XCBuildConfiguration;
			buildSettings = {
				ALWAYS_SEARCH_USER_PATHS = NO;
				CLANG_ANALYZER_NONNULL = YES;
				CLANG_ANALYZER_NUMBER_OBJECT_CONVERSION = YES_AGGRESSIVE;
				CLANG_CXX_LANGUAGE_STANDARD = "gnu++14";
				CLANG_CXX_LIBRARY = "libc++";
				CLANG_ENABLE_MODULES = YES;
				CLANG_ENABLE_OBJC_ARC = YES;
				CLANG_ENABLE_OBJC_WEAK = YES;
				CLANG_WARN_BLOCK_CAPTURE_AUTORELEASING = YES;
				CLANG_WARN_BOOL_CONVERSION = YES;
				CLANG_WARN_COMMA = YES;
				CLANG_WARN_CONSTANT_CONVERSION = YES;
				CLANG_WARN_DEPRECATED_OBJC_IMPLEMENTATIONS = YES;
				CLANG_WARN_DIRECT_OBJC_ISA_USAGE = YES_ERROR;
				CLANG_WARN_DOCUMENTATION_COMMENTS = YES;
				CLANG_WARN_EMPTY_BODY = YES;
				CLANG_WARN_ENUM_CONVERSION = YES;
				CLANG_WARN_INFINITE_RECURSION = YES;
				CLANG_WARN_INT_CONVERSION = YES;
				CLANG_WARN_NON_LITERAL_NULL_CONVERSION = YES;
				CLANG_WARN_OBJC_IMPLICIT_RETAIN_SELF = YES;
				CLANG_WARN_OBJC_LITERAL_CONVERSION = YES;
				CLANG_WARN_OBJC_ROOT_CLASS = YES_ERROR;
				CLANG_WARN_RANGE_LOOP_ANALYSIS = YES;
				CLANG_WARN_STRICT_PROTOTYPES = YES;
				CLANG_WARN_SUSPICIOUS_MOVE = YES;
				CLANG_WARN_UNGUARDED_AVAILABILITY = YES_AGGRESSIVE;
				CLANG_WARN_UNREACHABLE_CODE = YES;
				CLANG_WARN__DUPLICATE_METHOD_MATCH = YES;
				CODE_SIGN_IDENTITY = "iPhone Developer";
				COPY_PHASE_STRIP = NO;
				DEBUG_INFORMATION_FORMAT = "dwarf-with-dsym";
				ENABLE_NS_ASSERTIONS = NO;
				ENABLE_STRICT_OBJC_MSGSEND = YES;
				GCC_C_LANGUAGE_STANDARD = gnu11;
				GCC_NO_COMMON_BLOCKS = YES;
				GCC_WARN_64_TO_32_BIT_CONVERSION = YES;
				GCC_WARN_ABOUT_RETURN_TYPE = YES_ERROR;
				GCC_WARN_UNDECLARED_SELECTOR = YES;
				GCC_WARN_UNINITIALIZED_AUTOS = YES_AGGRESSIVE;
				GCC_WARN_UNUSED_FUNCTION = YES;
				GCC_WARN_UNUSED_VARIABLE = YES;
				IPHONEOS_DEPLOYMENT_TARGET = 12.2;
				MTL_ENABLE_DEBUG_INFO = NO;
				MTL_FAST_MATH = YES;
				SDKROOT = iphoneos;
				SWIFT_COMPILATION_MODE = wholemodule;
				SWIFT_OPTIMIZATION_LEVEL = "-O";
				VALIDATE_PRODUCT = YES;
			};
			name = Release;
		};
		C054471F226C09F900E149AA /* Debug */ = {
			isa = XCBuildConfiguration;
			buildSettings = {
				ASSETCATALOG_COMPILER_APPICON_NAME = AppIcon;
				CODE_SIGN_STYLE = Automatic;
				DEVELOPMENT_TEAM = MA3FRWNL5H;
				INFOPLIST_FILE = EmojiInteligence/Info.plist;
				LD_RUNPATH_SEARCH_PATHS = (
					"$(inherited)",
					"@executable_path/Frameworks",
				);
				PRODUCT_BUNDLE_IDENTIFIER = Gelei.EmojiInteligence;
				PRODUCT_NAME = "$(TARGET_NAME)";
				SWIFT_VERSION = 5.0;
				TARGETED_DEVICE_FAMILY = "1,2";
			};
			name = Debug;
		};
		C0544720226C09F900E149AA /* Release */ = {
			isa = XCBuildConfiguration;
			buildSettings = {
				ASSETCATALOG_COMPILER_APPICON_NAME = AppIcon;
				CODE_SIGN_STYLE = Automatic;
				DEVELOPMENT_TEAM = MA3FRWNL5H;
				INFOPLIST_FILE = EmojiInteligence/Info.plist;
				LD_RUNPATH_SEARCH_PATHS = (
					"$(inherited)",
					"@executable_path/Frameworks",
				);
				PRODUCT_BUNDLE_IDENTIFIER = Gelei.EmojiInteligence;
				PRODUCT_NAME = "$(TARGET_NAME)";
				SWIFT_VERSION = 5.0;
				TARGETED_DEVICE_FAMILY = "1,2";
			};
			name = Release;
		};
/* End XCBuildConfiguration section */

/* Begin XCConfigurationList section */
		C0544707226C09F700E149AA /* Build configuration list for PBXProject "EmojiInteligence" */ = {
			isa = XCConfigurationList;
			buildConfigurations = (
				C054471C226C09F900E149AA /* Debug */,
				C054471D226C09F900E149AA /* Release */,
			);
			defaultConfigurationIsVisible = 0;
			defaultConfigurationName = Release;
		};
		C054471E226C09F900E149AA /* Build configuration list for PBXNativeTarget "EmojiInteligence" */ = {
			isa = XCConfigurationList;
			buildConfigurations = (
				C054471F226C09F900E149AA /* Debug */,
				C0544720226C09F900E149AA /* Release */,
			);
			defaultConfigurationIsVisible = 0;
			defaultConfigurationName = Release;
		};
/* End XCConfigurationList section */
	};
	rootObject = C0544704226C09F700E149AA /* Project object */;
}
